
Microsoft Visual Studio Solution File, Format Version 12.00
# Visual Studio Version 17
VisualStudioVersion = 17.7.34221.43
MinimumVisualStudioVersion = 10.0.40219.1
Project("{FAE04EC0-301F-11D3-BF4B-00C04F79EFBC}") = "ProjectSchoolManagement", "ProjectSchoolManagement\ProjectSchoolManagement.csproj", "{95EACC33-B5B5-4D8B-9E13-5AD05ED465F7}"
EndProject
Global
	GlobalSection(SolutionConfigurationPlatforms) = preSolution
		Debug|Any CPU = Debug|Any CPU
		Release|Any CPU = Release|Any CPU
	EndGlobalSection
	GlobalSection(ProjectConfigurationPlatforms) = postSolution
		{95EACC33-B5B5-4D8B-9E13-5AD05ED465F7}.Debug|Any CPU.ActiveCfg = Debug|Any CPU
		{95EACC33-B5B5-4D8B-9E13-5AD05ED465F7}.Debug|Any CPU.Build.0 = Debug|Any CPU
		{95EACC33-B5B5-4D8B-9E13-5AD05ED465F7}.Release|Any CPU.ActiveCfg = Release|Any CPU
		{95EACC33-B5B5-4D8B-9E13-5AD05ED465F7}.Release|Any CPU.Build.0 = Release|Any CPU
	EndGlobalSection
	GlobalSection(SolutionProperties) = preSolution
		HideSolutionNode = FALSE
	EndGlobalSection
	GlobalSection(ExtensibilityGlobals) = postSolution
		SolutionGuid = {0120476B-7EA3-4ABC-AB88-BCA23B36EC32}
	EndGlobalSection
EndGlobal
